
Microsoft Visual Studio Solution File, Format Version 12.00
# Visual Studio 15
VisualStudioVersion = 15.0.27428.2005
MinimumVisualStudioVersion = 10.0.40219.1
Project("{9A19103F-16F7-4668-BE54-9A1E7A4F7556}") = "ChatBot", "ChatBot\ChatBot.csproj", "{0A7004A4-740F-4C52-B535-3EED31BBE294}"
EndProject
Global
	GlobalSection(SolutionConfigurationPlatforms) = preSolution
		Debug|Any CPU = Debug|Any CPU
		Debug|x64 = Debug|x64
		Release|Any CPU = Release|Any CPU
		Release|x64 = Release|x64
	EndGlobalSection
	GlobalSection(ProjectConfigurationPlatforms) = postSolution
		{0A7004A4-740F-4C52-B535-3EED31BBE294}.Debug|Any CPU.ActiveCfg = Debug|Any CPU
		{0A7004A4-740F-4C52-B535-3EED31BBE294}.Debug|Any CPU.Build.0 = Debug|Any CPU
		{0A7004A4-740F-4C52-B535-3EED31BBE294}.Debug|x64.ActiveCfg = Debug|Any CPU
		{0A7004A4-740F-4C52-B535-3EED31BBE294}.Debug|x64.Build.0 = Debug|Any CPU
		{0A7004A4-740F-4C52-B535-3EED31BBE294}.Release|Any CPU.ActiveCfg = Release|Any CPU
		{0A7004A4-740F-4C52-B535-3EED31BBE294}.Release|Any CPU.Build.0 = Release|Any CPU
		{0A7004A4-740F-4C52-B535-3EED31BBE294}.Release|x64.ActiveCfg = Release|Any CPU
		{0A7004A4-740F-4C52-B535-3EED31BBE294}.Release|x64.Build.0 = Release|Any CPU
	EndGlobalSection
	GlobalSection(SolutionProperties) = preSolution
		HideSolutionNode = FALSE
	EndGlobalSection
	GlobalSection(ExtensibilityGlobals) = postSolution
		SolutionGuid = {1204BB54-0B04-4949-9FBA-6A76EFC6CD32}
	EndGlobalSection
EndGlobal
