
Microsoft Visual Studio Solution File, Format Version 12.00
# Visual Studio Version 16
VisualStudioVersion = 16.0.28803.202
MinimumVisualStudioVersion = 10.0.40219.1
Project("{9A19103F-16F7-4668-BE54-9A1E7A4F7556}") = "CardsBot", "BotUsingCards\CardsBot.csproj", "{1F5D21DE-5282-4007-BF72-FFC9CA1C2F86}"
EndProject
Global
	GlobalSection(SolutionConfigurationPlatforms) = preSolution
		Debug|Any CPU = Debug|Any CPU
		Release|Any CPU = Release|Any CPU
	EndGlobalSection
	GlobalSection(ProjectConfigurationPlatforms) = postSolution
		{1F5D21DE-5282-4007-BF72-FFC9CA1C2F86}.Debug|Any CPU.ActiveCfg = Debug|Any CPU
		{1F5D21DE-5282-4007-BF72-FFC9CA1C2F86}.Debug|Any CPU.Build.0 = Debug|Any CPU
		{1F5D21DE-5282-4007-BF72-FFC9CA1C2F86}.Release|Any CPU.ActiveCfg = Release|Any CPU
		{1F5D21DE-5282-4007-BF72-FFC9CA1C2F86}.Release|Any CPU.Build.0 = Release|Any CPU
	EndGlobalSection
	GlobalSection(SolutionProperties) = preSolution
		HideSolutionNode = FALSE
	EndGlobalSection
	GlobalSection(ExtensibilityGlobals) = postSolution
		SolutionGuid = {58E9872C-3E7A-4E8A-9D64-87A12E2532FA}
	EndGlobalSection
EndGlobal
