Microsoft Visual Studio Solution File, Format Version 12.00
# Visual Studio 15
VisualStudioVersion = 15.0.27130.2027
MinimumVisualStudioVersion = 10.0.40219.1
Project("{2150E333-8FDC-42A3-9474-1A3956D46DE8}") = "Solution Items", "Solution Items", "{C71B59A9-1837-4B1D-A353-5EFA1B782452}"
	ProjectSection(SolutionItems) = preProject
		NuGet.config = NuGet.config
		..\README.md = ..\README.md
		Settings.StyleCop = Settings.StyleCop
		StyleCop\stylecop.ruleset = StyleCop\stylecop.ruleset
	EndProjectSection
EndProject
Project("{FAE04EC0-301F-11D3-BF4B-00C04F79EFBC}") = "SnipInsight", "SnipInsight\SnipInsight.csproj", "{2C90CA1B-BD65-41C9-B542-5F1F6E472863}"
EndProject
Global
	GlobalSection(SolutionConfigurationPlatforms) = preSolution
		Debug|Any CPU = Debug|Any CPU
		Debug|ARM = Debug|ARM
		Debug|x64 = Debug|x64
		Debug|x86 = Debug|x86
		Release|Any CPU = Release|Any CPU
		Release|ARM = Release|ARM
		Release|x64 = Release|x64
		Release|x86 = Release|x86
	EndGlobalSection
	GlobalSection(ProjectConfigurationPlatforms) = postSolution
		{2C90CA1B-BD65-41C9-B542-5F1F6E472863}.Debug|Any CPU.ActiveCfg = Debug|x64
		{2C90CA1B-BD65-41C9-B542-5F1F6E472863}.Debug|Any CPU.Build.0 = Debug|x64
		{2C90CA1B-BD65-41C9-B542-5F1F6E472863}.Debug|ARM.ActiveCfg = Debug|x64
		{2C90CA1B-BD65-41C9-B542-5F1F6E472863}.Debug|x64.ActiveCfg = Debug|x64
		{2C90CA1B-BD65-41C9-B542-5F1F6E472863}.Debug|x64.Build.0 = Debug|x64
		{2C90CA1B-BD65-41C9-B542-5F1F6E472863}.Debug|x86.ActiveCfg = Debug|x64
		{2C90CA1B-BD65-41C9-B542-5F1F6E472863}.Release|Any CPU.ActiveCfg = Release|x64
		{2C90CA1B-BD65-41C9-B542-5F1F6E472863}.Release|Any CPU.Build.0 = Release|x64
		{2C90CA1B-BD65-41C9-B542-5F1F6E472863}.Release|ARM.ActiveCfg = Release|x64
		{2C90CA1B-BD65-41C9-B542-5F1F6E472863}.Release|x64.ActiveCfg = Release|x64
		{2C90CA1B-BD65-41C9-B542-5F1F6E472863}.Release|x64.Build.0 = Release|x64
		{2C90CA1B-BD65-41C9-B542-5F1F6E472863}.Release|x86.ActiveCfg = Release|x64
	EndGlobalSection
	GlobalSection(SolutionProperties) = preSolution
		HideSolutionNode = FALSE
	EndGlobalSection
	GlobalSection(ExtensibilityGlobals) = postSolution
		SolutionGuid = {AF3CD1AC-CD06-4762-8D31-84339ABA9283}
	EndGlobalSection
EndGlobal
