Microsoft Visual Studio Solution File, Format Version 12.00
# Visual Studio 15
VisualStudioVersion = 15.0.27130.2027
MinimumVisualStudioVersion = 10.0.40219.1
Project("{2150E333-8FDC-42A3-9474-1A3956D46DE8}") = "Solution Items", "Solution Items", "{C71B59A9-1837-4B1D-A353-5EFA1B782452}"
	ProjectSection(SolutionItems) = preProject
		NuGet.config = NuGet.config
		..\README.md = ..\README.md
		Settings.StyleCop = Settings.StyleCop
		StyleCop\stylecop.ruleset = StyleCop\stylecop.ruleset
	EndProjectSection
EndProject
Project("{FAE04EC0-301F-11D3-BF4B-00C04F79EFBC}") = "SnipInsight.Forms.GTK", "SnipInsight.Forms.GTK\SnipInsight.Forms.GTK.csproj", "{DA18D861-A3AB-45D1-973E-C6C28A0E19D0}"
EndProject
Project("{9A19103F-16F7-4668-BE54-9A1E7A4F7556}") = "SnipInsight.Forms", "SnipInsight.Forms\SnipInsight.Forms.csproj", "{464BE997-4F4D-4425-8D42-F90C93B7A40C}"
EndProject
Project("{9A19103F-16F7-4668-BE54-9A1E7A4F7556}") = "SnipInsight.Forms.Tests", "SnipInsight.Forms.Tests\SnipInsight.Forms.Tests.csproj", "{F86B8487-6FA2-49A8-A064-3C3E4E9013A8}"
EndProject
Global
	GlobalSection(SolutionConfigurationPlatforms) = preSolution
		Debug|Any CPU = Debug|Any CPU
		Debug|ARM = Debug|ARM
		Debug|x64 = Debug|x64
		Debug|x86 = Debug|x86
		Release|Any CPU = Release|Any CPU
		Release|ARM = Release|ARM
		Release|x64 = Release|x64
		Release|x86 = Release|x86
	EndGlobalSection
	GlobalSection(ProjectConfigurationPlatforms) = postSolution
		{DA18D861-A3AB-45D1-973E-C6C28A0E19D0}.Debug|Any CPU.ActiveCfg = Debug|Any CPU
		{DA18D861-A3AB-45D1-973E-C6C28A0E19D0}.Debug|Any CPU.Build.0 = Debug|Any CPU
		{DA18D861-A3AB-45D1-973E-C6C28A0E19D0}.Debug|ARM.ActiveCfg = Debug|Any CPU
		{DA18D861-A3AB-45D1-973E-C6C28A0E19D0}.Debug|ARM.Build.0 = Debug|Any CPU
		{DA18D861-A3AB-45D1-973E-C6C28A0E19D0}.Debug|x64.ActiveCfg = Debug|Any CPU
		{DA18D861-A3AB-45D1-973E-C6C28A0E19D0}.Debug|x64.Build.0 = Debug|Any CPU
		{DA18D861-A3AB-45D1-973E-C6C28A0E19D0}.Debug|x86.ActiveCfg = Debug|Any CPU
		{DA18D861-A3AB-45D1-973E-C6C28A0E19D0}.Debug|x86.Build.0 = Debug|Any CPU
		{DA18D861-A3AB-45D1-973E-C6C28A0E19D0}.Release|Any CPU.ActiveCfg = Release|Any CPU
		{DA18D861-A3AB-45D1-973E-C6C28A0E19D0}.Release|Any CPU.Build.0 = Release|Any CPU
		{DA18D861-A3AB-45D1-973E-C6C28A0E19D0}.Release|ARM.ActiveCfg = Release|Any CPU
		{DA18D861-A3AB-45D1-973E-C6C28A0E19D0}.Release|ARM.Build.0 = Release|Any CPU
		{DA18D861-A3AB-45D1-973E-C6C28A0E19D0}.Release|x64.ActiveCfg = Release|Any CPU
		{DA18D861-A3AB-45D1-973E-C6C28A0E19D0}.Release|x64.Build.0 = Release|Any CPU
		{DA18D861-A3AB-45D1-973E-C6C28A0E19D0}.Release|x86.ActiveCfg = Release|Any CPU
		{DA18D861-A3AB-45D1-973E-C6C28A0E19D0}.Release|x86.Build.0 = Release|Any CPU
		{464BE997-4F4D-4425-8D42-F90C93B7A40C}.Debug|Any CPU.ActiveCfg = Debug|Any CPU
		{464BE997-4F4D-4425-8D42-F90C93B7A40C}.Debug|Any CPU.Build.0 = Debug|Any CPU
		{464BE997-4F4D-4425-8D42-F90C93B7A40C}.Debug|ARM.ActiveCfg = Debug|Any CPU
		{464BE997-4F4D-4425-8D42-F90C93B7A40C}.Debug|ARM.Build.0 = Debug|Any CPU
		{464BE997-4F4D-4425-8D42-F90C93B7A40C}.Debug|x64.ActiveCfg = Debug|Any CPU
		{464BE997-4F4D-4425-8D42-F90C93B7A40C}.Debug|x64.Build.0 = Debug|Any CPU
		{464BE997-4F4D-4425-8D42-F90C93B7A40C}.Debug|x86.ActiveCfg = Debug|Any CPU
		{464BE997-4F4D-4425-8D42-F90C93B7A40C}.Debug|x86.Build.0 = Debug|Any CPU
		{464BE997-4F4D-4425-8D42-F90C93B7A40C}.Release|Any CPU.ActiveCfg = Release|Any CPU
		{464BE997-4F4D-4425-8D42-F90C93B7A40C}.Release|Any CPU.Build.0 = Release|Any CPU
		{464BE997-4F4D-4425-8D42-F90C93B7A40C}.Release|ARM.ActiveCfg = Release|Any CPU
		{464BE997-4F4D-4425-8D42-F90C93B7A40C}.Release|ARM.Build.0 = Release|Any CPU
		{464BE997-4F4D-4425-8D42-F90C93B7A40C}.Release|x64.ActiveCfg = Release|Any CPU
		{464BE997-4F4D-4425-8D42-F90C93B7A40C}.Release|x64.Build.0 = Release|Any CPU
		{464BE997-4F4D-4425-8D42-F90C93B7A40C}.Release|x86.ActiveCfg = Release|Any CPU
		{464BE997-4F4D-4425-8D42-F90C93B7A40C}.Release|x86.Build.0 = Release|Any CPU
		{F86B8487-6FA2-49A8-A064-3C3E4E9013A8}.Debug|Any CPU.ActiveCfg = Debug|Any CPU
		{F86B8487-6FA2-49A8-A064-3C3E4E9013A8}.Debug|Any CPU.Build.0 = Debug|Any CPU
		{F86B8487-6FA2-49A8-A064-3C3E4E9013A8}.Debug|ARM.ActiveCfg = Debug|Any CPU
		{F86B8487-6FA2-49A8-A064-3C3E4E9013A8}.Debug|ARM.Build.0 = Debug|Any CPU
		{F86B8487-6FA2-49A8-A064-3C3E4E9013A8}.Debug|x64.ActiveCfg = Debug|Any CPU
		{F86B8487-6FA2-49A8-A064-3C3E4E9013A8}.Debug|x64.Build.0 = Debug|Any CPU
		{F86B8487-6FA2-49A8-A064-3C3E4E9013A8}.Debug|x86.ActiveCfg = Debug|Any CPU
		{F86B8487-6FA2-49A8-A064-3C3E4E9013A8}.Debug|x86.Build.0 = Debug|Any CPU
		{F86B8487-6FA2-49A8-A064-3C3E4E9013A8}.Release|Any CPU.ActiveCfg = Release|Any CPU
		{F86B8487-6FA2-49A8-A064-3C3E4E9013A8}.Release|Any CPU.Build.0 = Release|Any CPU
		{F86B8487-6FA2-49A8-A064-3C3E4E9013A8}.Release|ARM.ActiveCfg = Release|Any CPU
		{F86B8487-6FA2-49A8-A064-3C3E4E9013A8}.Release|ARM.Build.0 = Release|Any CPU
		{F86B8487-6FA2-49A8-A064-3C3E4E9013A8}.Release|x64.ActiveCfg = Release|Any CPU
		{F86B8487-6FA2-49A8-A064-3C3E4E9013A8}.Release|x64.Build.0 = Release|Any CPU
		{F86B8487-6FA2-49A8-A064-3C3E4E9013A8}.Release|x86.ActiveCfg = Release|Any CPU
		{F86B8487-6FA2-49A8-A064-3C3E4E9013A8}.Release|x86.Build.0 = Release|Any CPU
	EndGlobalSection
	GlobalSection(SolutionProperties) = preSolution
		HideSolutionNode = FALSE
	EndGlobalSection
	GlobalSection(ExtensibilityGlobals) = postSolution
		SolutionGuid = {AF3CD1AC-CD06-4762-8D31-84339ABA9283}
	EndGlobalSection
EndGlobal
