{
  "name": "google-assistant-proxy",
  "version": "1.0.0",
  "lockfileVersion": 1,
  "requires": true,
  "dependencies": {
    "DirectLineToActionsOnGoogleLib": {
      "version": "file:../DirectLineToActionsOnGoogleLib",
      "requires": {
        "actions-on-google": "^2.6.0",
        "applicationinsights": "^1.2.0",
        "body-parser": "^1.18.3",
        "botframework-directlinejs": "^0.11.4",
        "express": "^4.16.4",
        "node-fetch": "^2.3.0",
        "uuid": "^3.3.2",
        "ws": "^6.1.4",
        "xhr2": "^0.1.4"
      },
      "dependencies": {
        "@babel/runtime": {
          "version": "7.4.3",
          "bundled": true,
          "requires": {
            "regenerator-runtime": "^0.13.2"
          }
        },
        "@types/aws-lambda": {
          "version": "0.0.33",
          "bundled": true
        },
        "@types/body-parser": {
          "version": "1.17.0",
          "bundled": true,
          "requires": {
            "@types/connect": "*",
            "@types/node": "*"
          }
        },
        "@types/connect": {
          "version": "3.4.32",
          "bundled": true,
          "requires": {
            "@types/node": "*"
          }
        },
        "@types/debug": {
          "version": "0.0.30",
          "bundled": true
        },
        "@types/express": {
          "version": "4.16.1",
          "bundled": true,
          "requires": {
            "@types/body-parser": "*",
            "@types/express-serve-static-core": "*",
            "@types/serve-static": "*"
          }
        },
        "@types/express-serve-static-core": {
          "version": "4.16.2",
          "bundled": true,
          "requires": {
            "@types/node": "*",
            "@types/range-parser": "*"
          }
        },
        "@types/mime": {
          "version": "2.0.1",
          "bundled": true
        },
        "@types/node": {
          "version": "9.6.47",
          "bundled": true
        },
        "@types/range-parser": {
          "version": "1.2.3",
          "bundled": true
        },
        "@types/serve-static": {
          "version": "1.13.2",
          "bundled": true,
          "requires": {
            "@types/express-serve-static-core": "*",
            "@types/mime": "*"
          }
        },
        "abort-controller": {
          "version": "3.0.0",
          "bundled": true,
          "requires": {
            "event-target-shim": "^5.0.0"
          }
        },
        "accepts": {
          "version": "1.3.5",
          "bundled": true,
          "requires": {
            "mime-types": "~2.1.18",
            "negotiator": "0.6.1"
          }
        },
        "actions-on-google": {
          "version": "2.6.0",
          "bundled": true,
          "requires": {
            "@types/aws-lambda": "^0.0.33",
            "@types/debug": "^0.0.30",
            "@types/express": "^4.11.1",
            "@types/node": "^9.4.6",
            "debug": "^3.1.0",
            "google-auth-library": "^1.3.2",
            "googleapis": "^27.0.0"
          }
        },
        "agent-base": {
          "version": "4.2.1",
          "bundled": true,
          "requires": {
            "es6-promisify": "^5.0.0"
          }
        },
        "applicationinsights": {
          "version": "1.3.1",
          "bundled": true,
          "requires": {
            "cls-hooked": "^4.2.2",
            "continuation-local-storage": "^3.2.1",
            "diagnostic-channel": "0.2.0",
            "diagnostic-channel-publishers": "0.3.0"
          }
        },
        "array-flatten": {
          "version": "1.1.1",
          "bundled": true
        },
        "async-hook-jl": {
          "version": "1.7.6",
          "bundled": true,
          "requires": {
            "stack-chain": "^1.3.7"
          }
        },
        "async-limiter": {
          "version": "1.0.0",
          "bundled": true
        },
        "async-listener": {
          "version": "0.6.10",
          "bundled": true,
          "requires": {
            "semver": "^5.3.0",
            "shimmer": "^1.1.0"
          }
        },
        "axios": {
          "version": "0.18.0",
          "bundled": true,
          "requires": {
            "follow-redirects": "^1.3.0",
            "is-buffer": "^1.1.5"
          }
        },
        "body-parser": {
          "version": "1.18.3",
          "bundled": true,
          "requires": {
            "bytes": "3.0.0",
            "content-type": "~1.0.4",
            "debug": "2.6.9",
            "depd": "~1.1.2",
            "http-errors": "~1.6.3",
            "iconv-lite": "0.4.23",
            "on-finished": "~2.3.0",
            "qs": "6.5.2",
            "raw-body": "2.3.3",
            "type-is": "~1.6.16"
          },
          "dependencies": {
            "debug": {
              "version": "2.6.9",
              "bundled": true,
              "requires": {
                "ms": "2.0.0"
              }
            },
            "ms": {
              "version": "2.0.0",
              "bundled": true
            },
            "qs": {
              "version": "6.5.2",
              "bundled": true
            }
          }
        },
        "botframework-directlinejs": {
          "version": "0.11.4",
          "bundled": true,
          "requires": {
            "@babel/runtime": "^7.3.1",
            "rxjs": "^5.0.3"
          }
        },
        "buffer-equal-constant-time": {
          "version": "1.0.1",
          "bundled": true
        },
        "bytes": {
          "version": "3.0.0",
          "bundled": true
        },
        "cls-hooked": {
          "version": "4.2.2",
          "bundled": true,
          "requires": {
            "async-hook-jl": "^1.7.6",
            "emitter-listener": "^1.0.1",
            "semver": "^5.4.1"
          }
        },
        "content-disposition": {
          "version": "0.5.2",
          "bundled": true
        },
        "content-type": {
          "version": "1.0.4",
          "bundled": true
        },
        "continuation-local-storage": {
          "version": "3.2.1",
          "bundled": true,
          "requires": {
            "async-listener": "^0.6.0",
            "emitter-listener": "^1.1.1"
          }
        },
        "cookie": {
          "version": "0.3.1",
          "bundled": true
        },
        "cookie-signature": {
          "version": "1.0.6",
          "bundled": true
        },
        "debug": {
          "version": "3.2.6",
          "bundled": true,
          "requires": {
            "ms": "^2.1.1"
          }
        },
        "depd": {
          "version": "1.1.2",
          "bundled": true
        },
        "destroy": {
          "version": "1.0.4",
          "bundled": true
        },
        "diagnostic-channel": {
          "version": "0.2.0",
          "bundled": true,
          "requires": {
            "semver": "^5.3.0"
          }
        },
        "diagnostic-channel-publishers": {
          "version": "0.3.0",
          "bundled": true
        },
        "ecdsa-sig-formatter": {
          "version": "1.0.11",
          "bundled": true,
          "requires": {
            "safe-buffer": "^5.0.1"
          }
        },
        "ee-first": {
          "version": "1.1.1",
          "bundled": true
        },
        "emitter-listener": {
          "version": "1.1.2",
          "bundled": true,
          "requires": {
            "shimmer": "^1.2.0"
          }
        },
        "encodeurl": {
          "version": "1.0.2",
          "bundled": true
        },
        "es6-promise": {
          "version": "4.2.6",
          "bundled": true
        },
        "es6-promisify": {
          "version": "5.0.0",
          "bundled": true,
          "requires": {
            "es6-promise": "^4.0.3"
          }
        },
        "escape-html": {
          "version": "1.0.3",
          "bundled": true
        },
        "etag": {
          "version": "1.8.1",
          "bundled": true
        },
        "event-target-shim": {
          "version": "5.0.1",
          "bundled": true
        },
        "express": {
          "version": "4.16.4",
          "bundled": true,
          "requires": {
            "accepts": "~1.3.5",
            "array-flatten": "1.1.1",
            "body-parser": "1.18.3",
            "content-disposition": "0.5.2",
            "content-type": "~1.0.4",
            "cookie": "0.3.1",
            "cookie-signature": "1.0.6",
            "debug": "2.6.9",
            "depd": "~1.1.2",
            "encodeurl": "~1.0.2",
            "escape-html": "~1.0.3",
            "etag": "~1.8.1",
            "finalhandler": "1.1.1",
            "fresh": "0.5.2",
            "merge-descriptors": "1.0.1",
            "methods": "~1.1.2",
            "on-finished": "~2.3.0",
            "parseurl": "~1.3.2",
            "path-to-regexp": "0.1.7",
            "proxy-addr": "~2.0.4",
            "qs": "6.5.2",
            "range-parser": "~1.2.0",
            "safe-buffer": "5.1.2",
            "send": "0.16.2",
            "serve-static": "1.13.2",
            "setprototypeof": "1.1.0",
            "statuses": "~1.4.0",
            "type-is": "~1.6.16",
            "utils-merge": "1.0.1",
            "vary": "~1.1.2"
          },
          "dependencies": {
            "debug": {
              "version": "2.6.9",
              "bundled": true,
              "requires": {
                "ms": "2.0.0"
              }
            },
            "ms": {
              "version": "2.0.0",
              "bundled": true
            },
            "qs": {
              "version": "6.5.2",
              "bundled": true
            },
            "statuses": {
              "version": "1.4.0",
              "bundled": true
            }
          }
        },
        "extend": {
          "version": "3.0.2",
          "bundled": true
        },
        "finalhandler": {
          "version": "1.1.1",
          "bundled": true,
          "requires": {
            "debug": "2.6.9",
            "encodeurl": "~1.0.2",
            "escape-html": "~1.0.3",
            "on-finished": "~2.3.0",
            "parseurl": "~1.3.2",
            "statuses": "~1.4.0",
            "unpipe": "~1.0.0"
          },
          "dependencies": {
            "debug": {
              "version": "2.6.9",
              "bundled": true,
              "requires": {
                "ms": "2.0.0"
              }
            },
            "ms": {
              "version": "2.0.0",
              "bundled": true
            },
            "statuses": {
              "version": "1.4.0",
              "bundled": true
            }
          }
        },
        "follow-redirects": {
          "version": "1.7.0",
          "bundled": true,
          "requires": {
            "debug": "^3.2.6"
          }
        },
        "forwarded": {
          "version": "0.1.2",
          "bundled": true
        },
        "fresh": {
          "version": "0.5.2",
          "bundled": true
        },
        "gaxios": {
          "version": "1.8.3",
          "bundled": true,
          "requires": {
            "abort-controller": "^3.0.0",
            "extend": "^3.0.2",
            "https-proxy-agent": "^2.2.1",
            "node-fetch": "^2.3.0"
          }
        },
        "gcp-metadata": {
          "version": "0.6.3",
          "bundled": true,
          "requires": {
            "axios": "^0.18.0",
            "extend": "^3.0.1",
            "retry-axios": "0.3.2"
          }
        },
        "google-auth-library": {
          "version": "1.6.1",
          "bundled": true,
          "requires": {
            "axios": "^0.18.0",
            "gcp-metadata": "^0.6.3",
            "gtoken": "^2.3.0",
            "jws": "^3.1.5",
            "lodash.isstring": "^4.0.1",
            "lru-cache": "^4.1.3",
            "retry-axios": "^0.3.2"
          }
        },
        "google-p12-pem": {
          "version": "1.0.4",
          "bundled": true,
          "requires": {
            "node-forge": "^0.8.0",
            "pify": "^4.0.0"
          }
        },
        "googleapis": {
          "version": "27.0.0",
          "bundled": true,
          "requires": {
            "google-auth-library": "^1.3.1",
            "pify": "^3.0.0",
            "qs": "^6.5.1",
            "string-template": "1.0.0",
            "uuid": "^3.2.1"
          },
          "dependencies": {
            "pify": {
              "version": "3.0.0",
              "bundled": true
            }
          }
        },
        "gtoken": {
          "version": "2.3.3",
          "bundled": true,
          "requires": {
            "gaxios": "^1.0.4",
            "google-p12-pem": "^1.0.0",
            "jws": "^3.1.5",
            "mime": "^2.2.0",
            "pify": "^4.0.0"
          }
        },
        "http-errors": {
          "version": "1.6.3",
          "bundled": true,
          "requires": {
            "depd": "~1.1.2",
            "inherits": "2.0.3",
            "setprototypeof": "1.1.0",
            "statuses": ">= 1.4.0 < 2"
          }
        },
        "https-proxy-agent": {
          "version": "2.2.1",
          "bundled": true,
          "requires": {
            "agent-base": "^4.1.0",
            "debug": "^3.1.0"
          }
        },
        "iconv-lite": {
          "version": "0.4.23",
          "bundled": true,
          "requires": {
            "safer-buffer": ">= 2.1.2 < 3"
          }
        },
        "inherits": {
          "version": "2.0.3",
          "bundled": true
        },
        "ipaddr.js": {
          "version": "1.8.0",
          "bundled": true
        },
        "is-buffer": {
          "version": "1.1.6",
          "bundled": true
        },
        "jwa": {
          "version": "1.4.1",
          "bundled": true,
          "requires": {
            "buffer-equal-constant-time": "1.0.1",
            "ecdsa-sig-formatter": "1.0.11",
            "safe-buffer": "^5.0.1"
          }
        },
        "jws": {
          "version": "3.2.2",
          "bundled": true,
          "requires": {
            "jwa": "^1.4.1",
            "safe-buffer": "^5.0.1"
          }
        },
        "lodash.isstring": {
          "version": "4.0.1",
          "bundled": true
        },
        "lru-cache": {
          "version": "4.1.5",
          "bundled": true,
          "requires": {
            "pseudomap": "^1.0.2",
            "yallist": "^2.1.2"
          }
        },
        "media-typer": {
          "version": "0.3.0",
          "bundled": true
        },
        "merge-descriptors": {
          "version": "1.0.1",
          "bundled": true
        },
        "methods": {
          "version": "1.1.2",
          "bundled": true
        },
        "mime": {
          "version": "2.4.2",
          "bundled": true
        },
        "mime-db": {
          "version": "1.38.0",
          "bundled": true
        },
        "mime-types": {
          "version": "2.1.22",
          "bundled": true,
          "requires": {
            "mime-db": "~1.38.0"
          }
        },
        "ms": {
          "version": "2.1.1",
          "bundled": true
        },
        "negotiator": {
          "version": "0.6.1",
          "bundled": true
        },
        "node-fetch": {
          "version": "2.3.0",
          "bundled": true
        },
        "node-forge": {
          "version": "0.8.2",
          "bundled": true
        },
        "on-finished": {
          "version": "2.3.0",
          "bundled": true,
          "requires": {
            "ee-first": "1.1.1"
          }
        },
        "parseurl": {
          "version": "1.3.3",
          "bundled": true
        },
        "path-to-regexp": {
          "version": "0.1.7",
          "bundled": true
        },
        "pify": {
          "version": "4.0.1",
          "bundled": true
        },
        "proxy-addr": {
          "version": "2.0.4",
          "bundled": true,
          "requires": {
            "forwarded": "~0.1.2",
            "ipaddr.js": "1.8.0"
          }
        },
        "pseudomap": {
          "version": "1.0.2",
          "bundled": true
        },
        "qs": {
          "version": "6.7.0",
          "bundled": true
        },
        "range-parser": {
          "version": "1.2.0",
          "bundled": true
        },
        "raw-body": {
          "version": "2.3.3",
          "bundled": true,
          "requires": {
            "bytes": "3.0.0",
            "http-errors": "1.6.3",
            "iconv-lite": "0.4.23",
            "unpipe": "1.0.0"
          }
        },
        "regenerator-runtime": {
          "version": "0.13.2",
          "bundled": true
        },
        "retry-axios": {
          "version": "0.3.2",
          "bundled": true
        },
        "rxjs": {
          "version": "5.5.12",
          "bundled": true,
          "requires": {
            "symbol-observable": "1.0.1"
          }
        },
        "safe-buffer": {
          "version": "5.1.2",
          "bundled": true
        },
        "safer-buffer": {
          "version": "2.1.2",
          "bundled": true
        },
        "semver": {
          "version": "5.7.0",
          "bundled": true
        },
        "send": {
          "version": "0.16.2",
          "bundled": true,
          "requires": {
            "debug": "2.6.9",
            "depd": "~1.1.2",
            "destroy": "~1.0.4",
            "encodeurl": "~1.0.2",
            "escape-html": "~1.0.3",
            "etag": "~1.8.1",
            "fresh": "0.5.2",
            "http-errors": "~1.6.2",
            "mime": "1.4.1",
            "ms": "2.0.0",
            "on-finished": "~2.3.0",
            "range-parser": "~1.2.0",
            "statuses": "~1.4.0"
          },
          "dependencies": {
            "debug": {
              "version": "2.6.9",
              "bundled": true,
              "requires": {
                "ms": "2.0.0"
              }
            },
            "mime": {
              "version": "1.4.1",
              "bundled": true
            },
            "ms": {
              "version": "2.0.0",
              "bundled": true
            },
            "statuses": {
              "version": "1.4.0",
              "bundled": true
            }
          }
        },
        "serve-static": {
          "version": "1.13.2",
          "bundled": true,
          "requires": {
            "encodeurl": "~1.0.2",
            "escape-html": "~1.0.3",
            "parseurl": "~1.3.2",
            "send": "0.16.2"
          }
        },
        "setprototypeof": {
          "version": "1.1.0",
          "bundled": true
        },
        "shimmer": {
          "version": "1.2.1",
          "bundled": true
        },
        "stack-chain": {
          "version": "1.3.7",
          "bundled": true
        },
        "statuses": {
          "version": "1.5.0",
          "bundled": true
        },
        "string-template": {
          "version": "1.0.0",
          "bundled": true
        },
        "symbol-observable": {
          "version": "1.0.1",
          "bundled": true
        },
        "type-is": {
          "version": "1.6.16",
          "bundled": true,
          "requires": {
            "media-typer": "0.3.0",
            "mime-types": "~2.1.18"
          }
        },
        "unpipe": {
          "version": "1.0.0",
          "bundled": true
        },
        "utils-merge": {
          "version": "1.0.1",
          "bundled": true
        },
        "uuid": {
          "version": "3.3.2",
          "bundled": true
        },
        "vary": {
          "version": "1.1.2",
          "bundled": true
        },
        "ws": {
          "version": "6.2.1",
          "bundled": true,
          "requires": {
            "async-limiter": "~1.0.0"
          }
        },
        "xhr2": {
          "version": "0.1.4",
          "bundled": true
        },
        "yallist": {
          "version": "2.1.2",
          "bundled": true
        }
      }
    },
    "accepts": {
      "version": "1.3.5",
      "resolved": "https://registry.npmjs.org/accepts/-/accepts-1.3.5.tgz",
      "integrity": "sha1-63d99gEXI6OxTopywIBcjoZ0a9I=",
      "requires": {
        "mime-types": "~2.1.18",
        "negotiator": "0.6.1"
      }
    },
    "array-flatten": {
      "version": "1.1.1",
      "resolved": "https://registry.npmjs.org/array-flatten/-/array-flatten-1.1.1.tgz",
      "integrity": "sha1-ml9pkFGx5wczKPKgCJaLZOopVdI="
    },
    "body-parser": {
      "version": "1.18.3",
      "resolved": "https://registry.npmjs.org/body-parser/-/body-parser-1.18.3.tgz",
      "integrity": "sha1-WykhmP/dVTs6DyDe0FkrlWlVyLQ=",
      "requires": {
        "bytes": "3.0.0",
        "content-type": "~1.0.4",
        "debug": "2.6.9",
        "depd": "~1.1.2",
        "http-errors": "~1.6.3",
        "iconv-lite": "0.4.23",
        "on-finished": "~2.3.0",
        "qs": "6.5.2",
        "raw-body": "2.3.3",
        "type-is": "~1.6.16"
      }
    },
    "bytes": {
      "version": "3.0.0",
      "resolved": "https://registry.npmjs.org/bytes/-/bytes-3.0.0.tgz",
      "integrity": "sha1-0ygVQE1olpn4Wk6k+odV3ROpYEg="
    },
    "content-disposition": {
      "version": "0.5.2",
      "resolved": "https://registry.npmjs.org/content-disposition/-/content-disposition-0.5.2.tgz",
      "integrity": "sha1-DPaLud318r55YcOoUXjLhdunjLQ="
    },
    "content-type": {
      "version": "1.0.4",
      "resolved": "https://registry.npmjs.org/content-type/-/content-type-1.0.4.tgz",
      "integrity": "sha512-hIP3EEPs8tB9AT1L+NUqtwOAps4mk2Zob89MWXMHjHWg9milF/j4osnnQLXBCBFBk/tvIG/tUc9mOUJiPBhPXA=="
    },
    "cookie": {
      "version": "0.3.1",
      "resolved": "https://registry.npmjs.org/cookie/-/cookie-0.3.1.tgz",
      "integrity": "sha1-5+Ch+e9DtMi6klxcWpboBtFoc7s="
    },
    "cookie-signature": {
      "version": "1.0.6",
      "resolved": "https://registry.npmjs.org/cookie-signature/-/cookie-signature-1.0.6.tgz",
      "integrity": "sha1-4wOogrNCzD7oylE6eZmXNNqzriw="
    },
    "debug": {
      "version": "2.6.9",
      "resolved": "https://registry.npmjs.org/debug/-/debug-2.6.9.tgz",
      "integrity": "sha512-bC7ElrdJaJnPbAP+1EotYvqZsb3ecl5wi6Bfi6BJTUcNowp6cvspg0jXznRTKDjm/E7AdgFBVeAPVMNcKGsHMA==",
      "requires": {
        "ms": "2.0.0"
      }
    },
    "depd": {
      "version": "1.1.2",
      "resolved": "https://registry.npmjs.org/depd/-/depd-1.1.2.tgz",
      "integrity": "sha1-m81S4UwJd2PnSbJ0xDRu0uVgtak="
    },
    "destroy": {
      "version": "1.0.4",
      "resolved": "https://registry.npmjs.org/destroy/-/destroy-1.0.4.tgz",
      "integrity": "sha1-l4hXRCxEdJ5CBmE+N5RiBYJqvYA="
    },
    "ee-first": {
      "version": "1.1.1",
      "resolved": "https://registry.npmjs.org/ee-first/-/ee-first-1.1.1.tgz",
      "integrity": "sha1-WQxhFWsK4vTwJVcyoViyZrxWsh0="
    },
    "encodeurl": {
      "version": "1.0.2",
      "resolved": "https://registry.npmjs.org/encodeurl/-/encodeurl-1.0.2.tgz",
      "integrity": "sha1-rT/0yG7C0CkyL1oCw6mmBslbP1k="
    },
    "escape-html": {
      "version": "1.0.3",
      "resolved": "https://registry.npmjs.org/escape-html/-/escape-html-1.0.3.tgz",
      "integrity": "sha1-Aljq5NPQwJdN4cFpGI7wBR0dGYg="
    },
    "etag": {
      "version": "1.8.1",
      "resolved": "https://registry.npmjs.org/etag/-/etag-1.8.1.tgz",
      "integrity": "sha1-Qa4u62XvpiJorr/qg6x9eSmbCIc="
    },
    "express": {
      "version": "4.16.4",
      "resolved": "https://registry.npmjs.org/express/-/express-4.16.4.tgz",
      "integrity": "sha512-j12Uuyb4FMrd/qQAm6uCHAkPtO8FDTRJZBDd5D2KOL2eLaz1yUNdUB/NOIyq0iU4q4cFarsUCrnFDPBcnksuOg==",
      "requires": {
        "accepts": "~1.3.5",
        "array-flatten": "1.1.1",
        "body-parser": "1.18.3",
        "content-disposition": "0.5.2",
        "content-type": "~1.0.4",
        "cookie": "0.3.1",
        "cookie-signature": "1.0.6",
        "debug": "2.6.9",
        "depd": "~1.1.2",
        "encodeurl": "~1.0.2",
        "escape-html": "~1.0.3",
        "etag": "~1.8.1",
        "finalhandler": "1.1.1",
        "fresh": "0.5.2",
        "merge-descriptors": "1.0.1",
        "methods": "~1.1.2",
        "on-finished": "~2.3.0",
        "parseurl": "~1.3.2",
        "path-to-regexp": "0.1.7",
        "proxy-addr": "~2.0.4",
        "qs": "6.5.2",
        "range-parser": "~1.2.0",
        "safe-buffer": "5.1.2",
        "send": "0.16.2",
        "serve-static": "1.13.2",
        "setprototypeof": "1.1.0",
        "statuses": "~1.4.0",
        "type-is": "~1.6.16",
        "utils-merge": "1.0.1",
        "vary": "~1.1.2"
      }
    },
    "finalhandler": {
      "version": "1.1.1",
      "resolved": "https://registry.npmjs.org/finalhandler/-/finalhandler-1.1.1.tgz",
      "integrity": "sha512-Y1GUDo39ez4aHAw7MysnUD5JzYX+WaIj8I57kO3aEPT1fFRL4sr7mjei97FgnwhAyyzRYmQZaTHb2+9uZ1dPtg==",
      "requires": {
        "debug": "2.6.9",
        "encodeurl": "~1.0.2",
        "escape-html": "~1.0.3",
        "on-finished": "~2.3.0",
        "parseurl": "~1.3.2",
        "statuses": "~1.4.0",
        "unpipe": "~1.0.0"
      }
    },
    "forwarded": {
      "version": "0.1.2",
      "resolved": "https://registry.npmjs.org/forwarded/-/forwarded-0.1.2.tgz",
      "integrity": "sha1-mMI9qxF1ZXuMBXPozszZGw/xjIQ="
    },
    "fresh": {
      "version": "0.5.2",
      "resolved": "https://registry.npmjs.org/fresh/-/fresh-0.5.2.tgz",
      "integrity": "sha1-PYyt2Q2XZWn6g1qx+OSyOhBWBac="
    },
    "http-errors": {
      "version": "1.6.3",
      "resolved": "https://registry.npmjs.org/http-errors/-/http-errors-1.6.3.tgz",
      "integrity": "sha1-i1VoC7S+KDoLW/TqLjhYC+HZMg0=",
      "requires": {
        "depd": "~1.1.2",
        "inherits": "2.0.3",
        "setprototypeof": "1.1.0",
        "statuses": ">= 1.4.0 < 2"
      }
    },
    "iconv-lite": {
      "version": "0.4.23",
      "resolved": "https://registry.npmjs.org/iconv-lite/-/iconv-lite-0.4.23.tgz",
      "integrity": "sha512-neyTUVFtahjf0mB3dZT77u+8O0QB89jFdnBkd5P1JgYPbPaia3gXXOVL2fq8VyU2gMMD7SaN7QukTB/pmXYvDA==",
      "requires": {
        "safer-buffer": ">= 2.1.2 < 3"
      }
    },
    "inherits": {
      "version": "2.0.3",
      "resolved": "https://registry.npmjs.org/inherits/-/inherits-2.0.3.tgz",
      "integrity": "sha1-Yzwsg+PaQqUC9SRmAiSA9CCCYd4="
    },
    "ipaddr.js": {
      "version": "1.8.0",
      "resolved": "https://registry.npmjs.org/ipaddr.js/-/ipaddr.js-1.8.0.tgz",
      "integrity": "sha1-6qM9bd16zo9/b+DJygRA5wZzix4="
    },
    "media-typer": {
      "version": "0.3.0",
      "resolved": "https://registry.npmjs.org/media-typer/-/media-typer-0.3.0.tgz",
      "integrity": "sha1-hxDXrwqmJvj/+hzgAWhUUmMlV0g="
    },
    "merge-descriptors": {
      "version": "1.0.1",
      "resolved": "https://registry.npmjs.org/merge-descriptors/-/merge-descriptors-1.0.1.tgz",
      "integrity": "sha1-sAqqVW3YtEVoFQ7J0blT8/kMu2E="
    },
    "methods": {
      "version": "1.1.2",
      "resolved": "https://registry.npmjs.org/methods/-/methods-1.1.2.tgz",
      "integrity": "sha1-VSmk1nZUE07cxSZmVoNbD4Ua/O4="
    },
    "mime": {
      "version": "1.4.1",
      "resolved": "https://registry.npmjs.org/mime/-/mime-1.4.1.tgz",
      "integrity": "sha512-KI1+qOZu5DcW6wayYHSzR/tXKCDC5Om4s1z2QJjDULzLcmf3DvzS7oluY4HCTrc+9FiKmWUgeNLg7W3uIQvxtQ=="
    },
    "mime-db": {
      "version": "1.38.0",
      "resolved": "https://registry.npmjs.org/mime-db/-/mime-db-1.38.0.tgz",
      "integrity": "sha512-bqVioMFFzc2awcdJZIzR3HjZFX20QhilVS7hytkKrv7xFAn8bM1gzc/FOX2awLISvWe0PV8ptFKcon+wZ5qYkg=="
    },
    "mime-types": {
      "version": "2.1.22",
      "resolved": "https://registry.npmjs.org/mime-types/-/mime-types-2.1.22.tgz",
      "integrity": "sha512-aGl6TZGnhm/li6F7yx82bJiBZwgiEa4Hf6CNr8YO+r5UHr53tSTYZb102zyU50DOWWKeOv0uQLRL0/9EiKWCog==",
      "requires": {
        "mime-db": "~1.38.0"
      }
    },
    "ms": {
      "version": "2.0.0",
      "resolved": "https://registry.npmjs.org/ms/-/ms-2.0.0.tgz",
      "integrity": "sha1-VgiurfwAvmwpAd9fmGF4jeDVl8g="
    },
    "negotiator": {
      "version": "0.6.1",
      "resolved": "https://registry.npmjs.org/negotiator/-/negotiator-0.6.1.tgz",
      "integrity": "sha1-KzJxhOiZIQEXeyhWP7XnECrNDKk="
    },
    "on-finished": {
      "version": "2.3.0",
      "resolved": "https://registry.npmjs.org/on-finished/-/on-finished-2.3.0.tgz",
      "integrity": "sha1-IPEzZIGwg811M3mSoWlxqi2QaUc=",
      "requires": {
        "ee-first": "1.1.1"
      }
    },
    "parseurl": {
      "version": "1.3.3",
      "resolved": "https://registry.npmjs.org/parseurl/-/parseurl-1.3.3.tgz",
      "integrity": "sha512-CiyeOxFT/JZyN5m0z9PfXw4SCBJ6Sygz1Dpl0wqjlhDEGGBP1GnsUVEL0p63hoG1fcj3fHynXi9NYO4nWOL+qQ=="
    },
    "path-to-regexp": {
      "version": "0.1.7",
      "resolved": "https://registry.npmjs.org/path-to-regexp/-/path-to-regexp-0.1.7.tgz",
      "integrity": "sha1-32BBeABfUi8V60SQ5yR6G/qmf4w="
    },
    "proxy-addr": {
      "version": "2.0.4",
      "resolved": "https://registry.npmjs.org/proxy-addr/-/proxy-addr-2.0.4.tgz",
      "integrity": "sha512-5erio2h9jp5CHGwcybmxmVqHmnCBZeewlfJ0pex+UW7Qny7OOZXTtH56TGNyBizkgiOwhJtMKrVzDTeKcySZwA==",
      "requires": {
        "forwarded": "~0.1.2",
        "ipaddr.js": "1.8.0"
      }
    },
    "qs": {
      "version": "6.5.2",
      "resolved": "https://registry.npmjs.org/qs/-/qs-6.5.2.tgz",
      "integrity": "sha512-N5ZAX4/LxJmF+7wN74pUD6qAh9/wnvdQcjq9TZjevvXzSUo7bfmw91saqMjzGS2xq91/odN2dW/WOl7qQHNDGA=="
    },
    "range-parser": {
      "version": "1.2.0",
      "resolved": "https://registry.npmjs.org/range-parser/-/range-parser-1.2.0.tgz",
      "integrity": "sha1-9JvmtIeJTdxA3MlKMi9hEJLgDV4="
    },
    "raw-body": {
      "version": "2.3.3",
      "resolved": "https://registry.npmjs.org/raw-body/-/raw-body-2.3.3.tgz",
      "integrity": "sha512-9esiElv1BrZoI3rCDuOuKCBRbuApGGaDPQfjSflGxdy4oyzqghxu6klEkkVIvBje+FF0BX9coEv8KqW6X/7njw==",
      "requires": {
        "bytes": "3.0.0",
        "http-errors": "1.6.3",
        "iconv-lite": "0.4.23",
        "unpipe": "1.0.0"
      }
    },
    "safe-buffer": {
      "version": "5.1.2",
      "resolved": "https://registry.npmjs.org/safe-buffer/-/safe-buffer-5.1.2.tgz",
      "integrity": "sha512-Gd2UZBJDkXlY7GbJxfsE8/nvKkUEU1G38c1siN6QP6a9PT9MmHB8GnpscSmMJSoF8LOIrt8ud/wPtojys4G6+g=="
    },
    "safer-buffer": {
      "version": "2.1.2",
      "resolved": "https://registry.npmjs.org/safer-buffer/-/safer-buffer-2.1.2.tgz",
      "integrity": "sha512-YZo3K82SD7Riyi0E1EQPojLz7kpepnSQI9IyPbHHg1XXXevb5dJI7tpyN2ADxGcQbHG7vcyRHk0cbwqcQriUtg=="
    },
    "send": {
      "version": "0.16.2",
      "resolved": "https://registry.npmjs.org/send/-/send-0.16.2.tgz",
      "integrity": "sha512-E64YFPUssFHEFBvpbbjr44NCLtI1AohxQ8ZSiJjQLskAdKuriYEP6VyGEsRDH8ScozGpkaX1BGvhanqCwkcEZw==",
      "requires": {
        "debug": "2.6.9",
        "depd": "~1.1.2",
        "destroy": "~1.0.4",
        "encodeurl": "~1.0.2",
        "escape-html": "~1.0.3",
        "etag": "~1.8.1",
        "fresh": "0.5.2",
        "http-errors": "~1.6.2",
        "mime": "1.4.1",
        "ms": "2.0.0",
        "on-finished": "~2.3.0",
        "range-parser": "~1.2.0",
        "statuses": "~1.4.0"
      }
    },
    "serve-static": {
      "version": "1.13.2",
      "resolved": "https://registry.npmjs.org/serve-static/-/serve-static-1.13.2.tgz",
      "integrity": "sha512-p/tdJrO4U387R9oMjb1oj7qSMaMfmOyd4j9hOFoxZe2baQszgHcSWjuya/CiT5kgZZKRudHNOA0pYXOl8rQ5nw==",
      "requires": {
        "encodeurl": "~1.0.2",
        "escape-html": "~1.0.3",
        "parseurl": "~1.3.2",
        "send": "0.16.2"
      }
    },
    "setprototypeof": {
      "version": "1.1.0",
      "resolved": "https://registry.npmjs.org/setprototypeof/-/setprototypeof-1.1.0.tgz",
      "integrity": "sha512-BvE/TwpZX4FXExxOxZyRGQQv651MSwmWKZGqvmPcRIjDqWub67kTKuIMx43cZZrS/cBBzwBcNDWoFxt2XEFIpQ=="
    },
    "statuses": {
      "version": "1.4.0",
      "resolved": "https://registry.npmjs.org/statuses/-/statuses-1.4.0.tgz",
      "integrity": "sha512-zhSCtt8v2NDrRlPQpCNtw/heZLtfUDqxBM1udqikb/Hbk52LK4nQSwr10u77iopCW5LsyHpuXS0GnEc48mLeew=="
    },
    "type-is": {
      "version": "1.6.16",
      "resolved": "https://registry.npmjs.org/type-is/-/type-is-1.6.16.tgz",
      "integrity": "sha512-HRkVv/5qY2G6I8iab9cI7v1bOIdhm94dVjQCPFElW9W+3GeDOSHmy2EBYe4VTApuzolPcmgFTN3ftVJRKR2J9Q==",
      "requires": {
        "media-typer": "0.3.0",
        "mime-types": "~2.1.18"
      }
    },
    "unpipe": {
      "version": "1.0.0",
      "resolved": "https://registry.npmjs.org/unpipe/-/unpipe-1.0.0.tgz",
      "integrity": "sha1-sr9O6FFKrmFltIF4KdIbLvSZBOw="
    },
    "utils-merge": {
      "version": "1.0.1",
      "resolved": "https://registry.npmjs.org/utils-merge/-/utils-merge-1.0.1.tgz",
      "integrity": "sha1-n5VxD1CiZ5R7LMwSR0HBAoQn5xM="
    },
    "vary": {
      "version": "1.1.2",
      "resolved": "https://registry.npmjs.org/vary/-/vary-1.1.2.tgz",
      "integrity": "sha1-IpnwLG3tMNSllhsLn3RSShj2NPw="
    }
  }
}
