
Microsoft Visual Studio Solution File, Format Version 12.00
# Visual Studio 15
VisualStudioVersion = 15.0.27428.2037
MinimumVisualStudioVersion = 10.0.40219.1
Project("{9A19103F-16F7-4668-BE54-9A1E7A4F7556}") = "JfkWebApiSkills", "JfkWebApiSkills\JfkWebApiSkills.csproj", "{84D246E3-B083-4CF1-8843-FAE2461669EA}"
EndProject
Project("{FAE04EC0-301F-11D3-BF4B-00C04F79EFBC}") = "JfkInitializer", "JfkInitializer\JfkInitializer.csproj", "{3D7A0B3E-F8B3-46F4-9E62-D31209562049}"
EndProject
Global
	GlobalSection(SolutionConfigurationPlatforms) = preSolution
		Debug|Any CPU = Debug|Any CPU
		Release|Any CPU = Release|Any CPU
	EndGlobalSection
	GlobalSection(ProjectConfigurationPlatforms) = postSolution
		{3D7A0B3E-F8B3-46F4-9E62-D31209562049}.Debug|Any CPU.ActiveCfg = Debug|Any CPU
		{3D7A0B3E-F8B3-46F4-9E62-D31209562049}.Debug|Any CPU.Build.0 = Debug|Any CPU
		{3D7A0B3E-F8B3-46F4-9E62-D31209562049}.Release|Any CPU.ActiveCfg = Release|Any CPU
		{3D7A0B3E-F8B3-46F4-9E62-D31209562049}.Release|Any CPU.Build.0 = Release|Any CPU
		{84D246E3-B083-4CF1-8843-FAE2461669EA}.Debug|Any CPU.ActiveCfg = Debug|Any CPU
		{84D246E3-B083-4CF1-8843-FAE2461669EA}.Debug|Any CPU.Build.0 = Debug|Any CPU
		{84D246E3-B083-4CF1-8843-FAE2461669EA}.Release|Any CPU.ActiveCfg = Release|Any CPU
		{84D246E3-B083-4CF1-8843-FAE2461669EA}.Release|Any CPU.Build.0 = Release|Any CPU
	EndGlobalSection
	GlobalSection(SolutionProperties) = preSolution
		HideSolutionNode = FALSE
	EndGlobalSection
	GlobalSection(ExtensibilityGlobals) = postSolution
		SolutionGuid = {E12C4163-360C-404E-B6D7-4BD6CE3F2A81}
	EndGlobalSection
EndGlobal
